
Microsoft Visual Studio Solution File, Format Version 12.00
# Visual Studio 15
VisualStudioVersion = 15.0.27004.2009
MinimumVisualStudioVersion = 10.0.40219.1
Project("{FAE04EC0-301F-11D3-BF4B-00C04F79EFBC}") = "ConsoleAppInterface", "ConsoleAppInterface\ConsoleAppInterface.csproj", "{2626A4FE-353E-4573-A92B-9A62DA67C9F9}"
EndProject
Global
	GlobalSection(SolutionConfigurationPlatforms) = preSolution
		Debug|Any CPU = Debug|Any CPU
		Release|Any CPU = Release|Any CPU
	EndGlobalSection
	GlobalSection(ProjectConfigurationPlatforms) = postSolution
		{2626A4FE-353E-4573-A92B-9A62DA67C9F9}.Debug|Any CPU.ActiveCfg = Debug|Any CPU
		{2626A4FE-353E-4573-A92B-9A62DA67C9F9}.Debug|Any CPU.Build.0 = Debug|Any CPU
		{2626A4FE-353E-4573-A92B-9A62DA67C9F9}.Release|Any CPU.ActiveCfg = Release|Any CPU
		{2626A4FE-353E-4573-A92B-9A62DA67C9F9}.Release|Any CPU.Build.0 = Release|Any CPU
	EndGlobalSection
	GlobalSection(SolutionProperties) = preSolution
		HideSolutionNode = FALSE
	EndGlobalSection
	GlobalSection(ExtensibilityGlobals) = postSolution
		SolutionGuid = {D4B6BD7C-98EE-4DD6-8925-295008012C6F}
	EndGlobalSection
EndGlobal
